// !$*UTF8*$!
{
	archiveVersion = 1;
	classes = {
	};
	objectVersion = 46;
	objects = {

/* Begin PBXBuildFile section */
		5B2385251984102F00BEA4B7 /* AppDelegate.swift in Sources */ = {isa = PBXBuildFile; fileRef = 5B2385201984102F00BEA4B7 /* AppDelegate.swift */; };
		5B2385261984102F00BEA4B7 /* Images.xcassets in Resources */ = {isa = PBXBuildFile; fileRef = 5B2385211984102F00BEA4B7 /* Images.xcassets */; };
		5B2385271984102F00BEA4B7 /* Info.plist in Resources */ = {isa = PBXBuildFile; fileRef = 5B2385221984102F00BEA4B7 /* Info.plist */; };
		5B2385281984102F00BEA4B7 /* Main.storyboard in Resources */ = {isa = PBXBuildFile; fileRef = 5B2385231984102F00BEA4B7 /* Main.storyboard */; };
		5B2385291984102F00BEA4B7 /* ViewController.swift in Sources */ = {isa = PBXBuildFile; fileRef = 5B2385241984102F00BEA4B7 /* ViewController.swift */; };
/* End PBXBuildFile section */

/* Begin PBXContainerItemProxy section */
		5B23851119840FD900BEA4B7 /* PBXContainerItemProxy */ = {
			isa = PBXContainerItemProxy;
			containerPortal = 5B2384F619840FD900BEA4B7 /* Project object */;
			proxyType = 1;
			remoteGlobalIDString = 5B2384FD19840FD900BEA4B7;
			remoteInfo = Geocoder;
		};
		5B23852A1984109B00BEA4B7 /* PBXContainerItemProxy */ = {
			isa = PBXContainerItemProxy;
			containerPortal = 5B2384F619840FD900BEA4B7 /* Project object */;
			proxyType = 1;
			remoteGlobalIDString = 5B2384FD19840FD900BEA4B7;
			remoteInfo = Geocoder;
		};
/* End PBXContainerItemProxy section */

/* Begin PBXFileReference section */
		5B2384FE19840FD900BEA4B7 /* Geocoder.app */ = {isa = PBXFileReference; explicitFileType = wrapper.application; includeInIndex = 0; path = Geocoder.app; sourceTree = BUILT_PRODUCTS_DIR; };
		5B23851019840FD900BEA4B7 /* GeocoderTests.xctest */ = {isa = PBXFileReference; explicitFileType = wrapper.cfbundle; includeInIndex = 0; path = GeocoderTests.xctest; sourceTree = BUILT_PRODUCTS_DIR; };
		5B2385201984102F00BEA4B7 /* AppDelegate.swift */ = {isa = PBXFileReference; fileEncoding = 4; lastKnownFileType = sourcecode.swift; path = AppDelegate.swift; sourceTree = SOURCE_ROOT; };
		5B2385211984102F00BEA4B7 /* Images.xcassets */ = {isa = PBXFileReference; lastKnownFileType = folder.assetcatalog; path = Images.xcassets; sourceTree = SOURCE_ROOT; };
		5B2385221984102F00BEA4B7 /* Info.plist */ = {isa = PBXFileReference; fileEncoding = 4; lastKnownFileType = text.plist.xml; path = Info.plist; sourceTree = SOURCE_ROOT; };
		5B2385231984102F00BEA4B7 /* Main.storyboard */ = {isa = PBXFileReference; fileEncoding = 4; lastKnownFileType = file.storyboard; path = Main.storyboard; sourceTree = SOURCE_ROOT; };
		5B2385241984102F00BEA4B7 /* ViewController.swift */ = {isa = PBXFileReference; fileEncoding = 4; lastKnownFileType = sourcecode.swift; path = ViewController.swift; sourceTree = SOURCE_ROOT; };
/* End PBXFileReference section */

/* Begin PBXFrameworksBuildPhase section */
		5B2384FB19840FD900BEA4B7 /* Frameworks */ = {
			isa = PBXFrameworksBuildPhase;
			buildActionMask = 2147483647;
			files = (
			);
			runOnlyForDeploymentPostprocessing = 0;
		};
		5B23850D19840FD900BEA4B7 /* Frameworks */ = {
			isa = PBXFrameworksBuildPhase;
			buildActionMask = 2147483647;
			files = (
			);
			runOnlyForDeploymentPostprocessing = 0;
		};
/* End PBXFrameworksBuildPhase section */

/* Begin PBXGroup section */
		5B2384F519840FD900BEA4B7 = {
			isa = PBXGroup;
			children = (
				5B23850019840FD900BEA4B7 /* Geocoder */,
				5B2384FF19840FD900BEA4B7 /* Products */,
			);
			sourceTree = "<group>";
		};
		5B2384FF19840FD900BEA4B7 /* Products */ = {
			isa = PBXGroup;
			children = (
				5B2384FE19840FD900BEA4B7 /* Geocoder.app */,
				5B23851019840FD900BEA4B7 /* GeocoderTests.xctest */,
			);
			name = Products;
			sourceTree = "<group>";
		};
		5B23850019840FD900BEA4B7 /* Geocoder */ = {
			isa = PBXGroup;
			children = (
				5B2385221984102F00BEA4B7 /* Info.plist */,
				5B2385231984102F00BEA4B7 /* Main.storyboard */,
				5B2385201984102F00BEA4B7 /* AppDelegate.swift */,
				5B2385241984102F00BEA4B7 /* ViewController.swift */,
				5B2385211984102F00BEA4B7 /* Images.xcassets */,
			);
			path = Geocoder;
			sourceTree = "<group>";
		};
/* End PBXGroup section */

/* Begin PBXNativeTarget section */
		5B2384FD19840FD900BEA4B7 /* Geocoder */ = {
			isa = PBXNativeTarget;
			buildConfigurationList = 5B23851A19840FD900BEA4B7 /* Build configuration list for PBXNativeTarget "Geocoder" */;
			buildPhases = (
				5B2384FA19840FD900BEA4B7 /* Sources */,
				5B2384FB19840FD900BEA4B7 /* Frameworks */,
				5B2384FC19840FD900BEA4B7 /* Resources */,
			);
			buildRules = (
			);
			dependencies = (
			);
			name = Geocoder;
			productName = Geocoder;
			productReference = 5B2384FE19840FD900BEA4B7 /* Geocoder.app */;
			productType = "com.apple.product-type.application";
		};
		5B23850F19840FD900BEA4B7 /* GeocoderTests */ = {
			isa = PBXNativeTarget;
			buildConfigurationList = 5B23851D19840FD900BEA4B7 /* Build configuration list for PBXNativeTarget "GeocoderTests" */;
			buildPhases = (
				5B23850C19840FD900BEA4B7 /* Sources */,
				5B23850D19840FD900BEA4B7 /* Frameworks */,
				5B23850E19840FD900BEA4B7 /* Resources */,
			);
			buildRules = (
			);
			dependencies = (
				5B23851219840FD900BEA4B7 /* PBXTargetDependency */,
				5B23852B1984109B00BEA4B7 /* PBXTargetDependency */,
			);
			name = GeocoderTests;
			productName = GeocoderTests;
			productReference = 5B23851019840FD900BEA4B7 /* GeocoderTests.xctest */;
			productType = "com.apple.product-type.bundle.unit-test";
		};
/* End PBXNativeTarget section */

/* Begin PBXProject section */
		5B2384F619840FD900BEA4B7 /* Project object */ = {
			isa = PBXProject;
			attributes = {
				LastUpgradeCheck = 0600;
				ORGANIZATIONNAME = Triceratops;
				TargetAttributes = {
					5B2384FD19840FD900BEA4B7 = {
						CreatedOnToolsVersion = 6.0;
					};
					5B23850F19840FD900BEA4B7 = {
						CreatedOnToolsVersion = 6.0;
						TestTargetID = 5B2384FD19840FD900BEA4B7;
					};
				};
			};
			buildConfigurationList = 5B2384F919840FD900BEA4B7 /* Build configuration list for PBXProject "Geocoder" */;
			compatibilityVersion = "Xcode 3.2";
			developmentRegion = English;
			hasScannedForEncodings = 0;
			knownRegions = (
				en,
				Base,
			);
			mainGroup = 5B2384F519840FD900BEA4B7;
			productRefGroup = 5B2384FF19840FD900BEA4B7 /* Products */;
			projectDirPath = "";
			projectRoot = "";
			targets = (
				5B2384FD19840FD900BEA4B7 /* Geocoder */,
				5B23850F19840FD900BEA4B7 /* GeocoderTests */,
			);
		};
/* End PBXProject section */

/* Begin PBXResourcesBuildPhase section */
		5B2384FC19840FD900BEA4B7 /* Resources */ = {
			isa = PBXResourcesBuildPhase;
			buildActionMask = 2147483647;
			files = (
				5B2385281984102F00BEA4B7 /* Main.storyboard in Resources */,
				5B2385271984102F00BEA4B7 /* Info.plist in Resources */,
				5B2385261984102F00BEA4B7 /* Images.xcassets in Resources */,
			);
			runOnlyForDeploymentPostprocessing = 0;
		};
		5B23850E19840FD900BEA4B7 /* Resources */ = {
			isa = PBXResourcesBuildPhase;
			buildActionMask = 2147483647;
			files = (
			);
			runOnlyForDeploymentPostprocessing = 0;
		};
/* End PBXResourcesBuildPhase section */

/* Begin PBXSourcesBuildPhase section */
		5B2384FA19840FD900BEA4B7 /* Sources */ = {
			isa = PBXSourcesBuildPhase;
			buildActionMask = 2147483647;
			files = (
				5B2385291984102F00BEA4B7 /* ViewController.swift in Sources */,
				5B2385251984102F00BEA4B7 /* AppDelegate.swift in Sources */,
			);
			runOnlyForDeploymentPostprocessing = 0;
		};
		5B23850C19840FD900BEA4B7 /* Sources */ = {
			isa = PBXSourcesBuildPhase;
			buildActionMask = 2147483647;
			files = (
			);
			runOnlyForDeploymentPostprocessing = 0;
		};
/* End PBXSourcesBuildPhase section */

/* Begin PBXTargetDependency section */
		5B23851219840FD900BEA4B7 /* PBXTargetDependency */ = {
			isa = PBXTargetDependency;
			target = 5B2384FD19840FD900BEA4B7 /* Geocoder */;
			targetProxy = 5B23851119840FD900BEA4B7 /* PBXContainerItemProxy */;
		};
		5B23852B1984109B00BEA4B7 /* PBXTargetDependency */ = {
			isa = PBXTargetDependency;
			target = 5B2384FD19840FD900BEA4B7 /* Geocoder */;
			targetProxy = 5B23852A1984109B00BEA4B7 /* PBXContainerItemProxy */;
		};
/* End PBXTargetDependency section */

/* Begin XCBuildConfiguration section */
		5B23851819840FD900BEA4B7 /* Debug */ = {
			isa = XCBuildConfiguration;
			buildSettings = {
				ALWAYS_SEARCH_USER_PATHS = NO;
				CLANG_CXX_LANGUAGE_STANDARD = "gnu++0x";
				CLANG_CXX_LIBRARY = "libc++";
				CLANG_ENABLE_MODULES = YES;
				CLANG_ENABLE_OBJC_ARC = YES;
				CLANG_WARN_BOOL_CONVERSION = YES;
				CLANG_WARN_CONSTANT_CONVERSION = YES;
				CLANG_WARN_DIRECT_OBJC_ISA_USAGE = YES_ERROR;
				CLANG_WARN_EMPTY_BODY = YES;
				CLANG_WARN_ENUM_CONVERSION = YES;
				CLANG_WARN_INT_CONVERSION = YES;
				CLANG_WARN_OBJC_ROOT_CLASS = YES_ERROR;
				CLANG_WARN_UNREACHABLE_CODE = YES;
				CLANG_WARN__DUPLICATE_METHOD_MATCH = YES;
				"CODE_SIGN_IDENTITY[sdk=iphoneos*]" = "iPhone Developer";
				COPY_PHASE_STRIP = NO;
				ENABLE_STRICT_OBJC_MSGSEND = YES;
				GCC_C_LANGUAGE_STANDARD = gnu99;
				GCC_DYNAMIC_NO_PIC = NO;
				GCC_OPTIMIZATION_LEVEL = 0;
				GCC_PREPROCESSOR_DEFINITIONS = (
					"DEBUG=1",
					"$(inherited)",
				);
				GCC_SYMBOLS_PRIVATE_EXTERN = NO;
				GCC_WARN_64_TO_32_BIT_CONVERSION = YES;
				GCC_WARN_ABOUT_RETURN_TYPE = YES_ERROR;
				GCC_WARN_UNDECLARED_SELECTOR = YES;
				GCC_WARN_UNINITIALIZED_AUTOS = YES_AGGRESSIVE;
				GCC_WARN_UNUSED_FUNCTION = YES;
				GCC_WARN_UNUSED_VARIABLE = YES;
				IPHONEOS_DEPLOYMENT_TARGET = 8.0;
				MTL_ENABLE_DEBUG_INFO = YES;
				ONLY_ACTIVE_ARCH = YES;
				SDKROOT = iphoneos;
				SWIFT_OPTIMIZATION_LEVEL = "-Onone";
			};
			name = Debug;
		};
		5B23851919840FD900BEA4B7 /* Release */ = {
			isa = XCBuildConfiguration;
			buildSettings = {
				ALWAYS_SEARCH_USER_PATHS = NO;
				CLANG_CXX_LANGUAGE_STANDARD = "gnu++0x";
				CLANG_CXX_LIBRARY = "libc++";
				CLANG_ENABLE_MODULES = YES;
				CLANG_ENABLE_OBJC_ARC = YES;
				CLANG_WARN_BOOL_CONVERSION = YES;
				CLANG_WARN_CONSTANT_CONVERSION = YES;
				CLANG_WARN_DIRECT_OBJC_ISA_USAGE = YES_ERROR;
				CLANG_WARN_EMPTY_BODY = YES;
				CLANG_WARN_ENUM_CONVERSION = YES;
				CLANG_WARN_INT_CONVERSION = YES;
				CLANG_WARN_OBJC_ROOT_CLASS = YES_ERROR;
				CLANG_WARN_UNREACHABLE_CODE = YES;
				CLANG_WARN__DUPLICATE_METHOD_MATCH = YES;
				"CODE_SIGN_IDENTITY[sdk=iphoneos*]" = "iPhone Developer";
				COPY_PHASE_STRIP = YES;
				ENABLE_NS_ASSERTIONS = NO;
				ENABLE_STRICT_OBJC_MSGSEND = YES;
				GCC_C_LANGUAGE_STANDARD = gnu99;
				GCC_WARN_64_TO_32_BIT_CONVERSION = YES;
				GCC_WARN_ABOUT_RETURN_TYPE = YES_ERROR;
				GCC_WARN_UNDECLARED_SELECTOR = YES;
				GCC_WARN_UNINITIALIZED_AUTOS = YES_AGGRESSIVE;
				GCC_WARN_UNUSED_FUNCTION = YES;
				GCC_WARN_UNUSED_VARIABLE = YES;
				IPHONEOS_DEPLOYMENT_TARGET = 8.0;
				MTL_ENABLE_DEBUG_INFO = NO;
				SDKROOT = iphoneos;
				VALIDATE_PRODUCT = YES;
			};
			name = Release;
		};
		5B23851B19840FD900BEA4B7 /* Debug */ = {
			isa = XCBuildConfiguration;
			buildSettings = {
				ASSETCATALOG_COMPILER_APPICON_NAME = AppIcon;
				ASSETCATALOG_COMPILER_LAUNCHIMAGE_NAME = LaunchImage;
				CLANG_ENABLE_MODULES = YES;
				INFOPLIST_FILE = "$(SRCROOT)/Info.plist";
				IPHONEOS_DEPLOYMENT_TARGET = 7.1;
				LD_RUNPATH_SEARCH_PATHS = "$(inherited) @executable_path/Frameworks";
				PRODUCT_NAME = "$(TARGET_NAME)";
				SWIFT_OPTIMIZATION_LEVEL = "-Onone";
			};
			name = Debug;
		};
		5B23851C19840FD900BEA4B7 /* Release */ = {
			isa = XCBuildConfiguration;
			buildSettings = {
				ASSETCATALOG_COMPILER_APPICON_NAME = AppIcon;
				ASSETCATALOG_COMPILER_LAUNCHIMAGE_NAME = LaunchImage;
				CLANG_ENABLE_MODULES = YES;
				INFOPLIST_FILE = "$(SRCROOT)/Info.plist";
				IPHONEOS_DEPLOYMENT_TARGET = 7.1;
				LD_RUNPATH_SEARCH_PATHS = "$(inherited) @executable_path/Frameworks";
				PRODUCT_NAME = "$(TARGET_NAME)";
			};
			name = Release;
		};
		5B23851E19840FD900BEA4B7 /* Debug */ = {
			isa = XCBuildConfiguration;
			buildSettings = {
				BUNDLE_LOADER = "$(BUILT_PRODUCTS_DIR)/Geocoder.app/Geocoder";
				FRAMEWORK_SEARCH_PATHS = (
					"$(SDKROOT)/Developer/Library/Frameworks",
					"$(inherited)",
				);
				GCC_PREPROCESSOR_DEFINITIONS = (
					"DEBUG=1",
					"$(inherited)",
				);
				INFOPLIST_FILE = GeocoderTests/Info.plist;
				LD_RUNPATH_SEARCH_PATHS = "$(inherited) @executable_path/Frameworks @loader_path/Frameworks";
				PRODUCT_NAME = "$(TARGET_NAME)";
				TEST_HOST = "$(BUNDLE_LOADER)";
			};
			name = Debug;
		};
		5B23851F19840FD900BEA4B7 /* Release */ = {
			isa = XCBuildConfiguration;
			buildSettings = {
				BUNDLE_LOADER = "$(BUILT_PRODUCTS_DIR)/Geocoder.app/Geocoder";
				FRAMEWORK_SEARCH_PATHS = (
					"$(SDKROOT)/Developer/Library/Frameworks",
					"$(inherited)",
				);
				INFOPLIST_FILE = GeocoderTests/Info.plist;
				LD_RUNPATH_SEARCH_PATHS = "$(inherited) @executable_path/Frameworks @loader_path/Frameworks";
				PRODUCT_NAME = "$(TARGET_NAME)";
				TEST_HOST = "$(BUNDLE_LOADER)";
			};
			name = Release;
		};
/* End XCBuildConfiguration section */

/* Begin XCConfigurationList section */
		5B2384F919840FD900BEA4B7 /* Build configuration list for PBXProject "Geocoder" */ = {
			isa = XCConfigurationList;
			buildConfigurations = (
				5B23851819840FD900BEA4B7 /* Debug */,
				5B23851919840FD900BEA4B7 /* Release */,
			);
			defaultConfigurationIsVisible = 0;
			defaultConfigurationName = Release;
		};
		5B23851A19840FD900BEA4B7 /* Build configuration list for PBXNativeTarget "Geocoder" */ = {
			isa = XCConfigurationList;
			buildConfigurations = (
				5B23851B19840FD900BEA4B7 /* Debug */,
				5B23851C19840FD900BEA4B7 /* Release */,
			);
			defaultConfigurationIsVisible = 0;
		};
		5B23851D19840FD900BEA4B7 /* Build configuration list for PBXNativeTarget "GeocoderTests" */ = {
			isa = XCConfigurationList;
			buildConfigurations = (
				5B23851E19840FD900BEA4B7 /* Debug */,
				5B23851F19840FD900BEA4B7 /* Release */,
			);
			defaultConfigurationIsVisible = 0;
		};
/* End XCConfigurationList section */
	};
	rootObject = 5B2384F619840FD900BEA4B7 /* Project object */;
}
